<Solution>
  <Folder Name="/Solution Items/">
    <File Path=".dockerignore" />
  </Folder>
  <Project Path="AIpoweredVivaExamSystem.Api/AIpoweredVivaExamSystem.Api.csproj" />
  <Project Path="AIpoweredVivaExamSystem.Application/AIpoweredVivaExamSystem.Application.csproj" />
  <Project Path="AIpoweredVivaExamSystem.Domain/AIpoweredVivaExamSystem.Domain.csproj" />
  <Project Path="AIpoweredVivaExamSystem.Infrastructure/AIpoweredVivaExamSystem.Infrastructure.csproj" />
  <Project Path="AIpoweredVivaExamSystem.Persistence/AIpoweredVivaExamSystem.Persistence.csproj" />
  <Project Path="AIpoweredVivaExamSystem.Tests/AIpoweredVivaExamSystem.Tests.csproj" />
  <Project Path="AIpoweredVivaExamSystem.Web/AIpoweredVivaExamSystem.Web.csproj" />
</Solution>
